
Microsoft Visual Studio Solution File, Format Version 12.00
# Visual Studio Version 17
VisualStudioVersion = 17.12.35527.113 d17.12
MinimumVisualStudioVersion = 10.0.40219.1
Project("{FAE04EC0-301F-11D3-BF4B-00C04F79EFBC}") = "BootstapIconsForDotnet", "BootstapIconsForDotnet\BootstapIconsForDotnet.csproj", "{ECAB9F58-4F29-478D-9346-67E0C650F8CA}"
EndProject
Project("{FAE04EC0-301F-11D3-BF4B-00C04F79EFBC}") = "BootstrapIconsForDotNet", "BootstrapIconsForDotNet\BootstrapIconsForDotNet.csproj", "{531B174E-3A2A-4E50-9F31-5A9E2E4B2E6A}"
EndProject
Global
	GlobalSection(SolutionConfigurationPlatforms) = preSolution
		Debug|Any CPU = Debug|Any CPU
		Release|Any CPU = Release|Any CPU
	EndGlobalSection
	GlobalSection(ProjectConfigurationPlatforms) = postSolution
		{ECAB9F58-4F29-478D-9346-67E0C650F8CA}.Debug|Any CPU.ActiveCfg = Debug|Any CPU
		{ECAB9F58-4F29-478D-9346-67E0C650F8CA}.Debug|Any CPU.Build.0 = Debug|Any CPU
		{ECAB9F58-4F29-478D-9346-67E0C650F8CA}.Release|Any CPU.ActiveCfg = Release|Any CPU
		{ECAB9F58-4F29-478D-9346-67E0C650F8CA}.Release|Any CPU.Build.0 = Release|Any CPU
		{531B174E-3A2A-4E50-9F31-5A9E2E4B2E6A}.Debug|Any CPU.ActiveCfg = Debug|Any CPU
		{531B174E-3A2A-4E50-9F31-5A9E2E4B2E6A}.Debug|Any CPU.Build.0 = Debug|Any CPU
		{531B174E-3A2A-4E50-9F31-5A9E2E4B2E6A}.Release|Any CPU.ActiveCfg = Release|Any CPU
		{531B174E-3A2A-4E50-9F31-5A9E2E4B2E6A}.Release|Any CPU.Build.0 = Release|Any CPU
	EndGlobalSection
	GlobalSection(SolutionProperties) = preSolution
		HideSolutionNode = FALSE
	EndGlobalSection
EndGlobal
